
Microsoft Visual Studio Solution File, Format Version 12.00
# Visual Studio Version 16
VisualStudioVersion = 16.0.30225.117
MinimumVisualStudioVersion = 10.0.40219.1
Project("{FAE04EC0-301F-11D3-BF4B-00C04F79EFBC}") = "WPFApp_Test", "WPFApp_Test.csproj", "{D1718E72-2CCA-4CA0-86F5-DDC668764DF8}"
EndProject
Global
	GlobalSection(SolutionConfigurationPlatforms) = preSolution
		Debug|Any CPU = Debug|Any CPU
		Release|Any CPU = Release|Any CPU
	EndGlobalSection
	GlobalSection(ProjectConfigurationPlatforms) = postSolution
		{D1718E72-2CCA-4CA0-86F5-DDC668764DF8}.Debug|Any CPU.ActiveCfg = Debug|Any CPU
		{D1718E72-2CCA-4CA0-86F5-DDC668764DF8}.Debug|Any CPU.Build.0 = Debug|Any CPU
		{D1718E72-2CCA-4CA0-86F5-DDC668764DF8}.Release|Any CPU.ActiveCfg = Release|Any CPU
		{D1718E72-2CCA-4CA0-86F5-DDC668764DF8}.Release|Any CPU.Build.0 = Release|Any CPU
	EndGlobalSection
	GlobalSection(SolutionProperties) = preSolution
		HideSolutionNode = FALSE
	EndGlobalSection
	GlobalSection(ExtensibilityGlobals) = postSolution
		SolutionGuid = {E4F89C48-9F4D-4B6F-BA17-CFD6A748193C}
	EndGlobalSection
EndGlobal
